// !$*UTF8*$!
{
	archiveVersion = 1;
	classes = {
	};
	objectVersion = 46;
	objects = {

/* Begin PBXAggregateTarget section */
		744514A6196FFBF9003F4455 /* CKiiSDKStaticLibAgg */ = {
			isa = PBXAggregateTarget;
			buildConfigurationList = 744514A7196FFBF9003F4455 /* Build configuration list for PBXAggregateTarget "CKiiSDKStaticLibAgg" */;
			buildPhases = (
				744514AA196FFD01003F4455 /* ShellScript */,
				744514AB196FFD0B003F4455 /* CopyFiles */,
			);
			dependencies = (
			);
			name = CKiiSDKStaticLibAgg;
			productName = CKiiSDKStaticLibAgg;
		};
/* End PBXAggregateTarget section */

/* Begin PBXBuildFile section */
		741D1BA41962D0E800CAC78F /* Security.framework in Frameworks */ = {isa = PBXBuildFile; fileRef = 7417764019299BD20000C78B /* Security.framework */; };
		741D1BA51962D11300CAC78F /* libz.dylib in Frameworks */ = {isa = PBXBuildFile; fileRef = 74DF37FA192CB72D005D2E23 /* libz.dylib */; };
		744514AC196FFD2D003F4455 /* CKiiApp.h in CopyFiles */ = {isa = PBXBuildFile; fileRef = 74B28BA5194046DA0070034D /* CKiiApp.h */; };
		744514AD196FFD2D003F4455 /* CKiiUser.h in CopyFiles */ = {isa = PBXBuildFile; fileRef = 74DF3842192DF82D005D2E23 /* CKiiUser.h */; };
		744514AE196FFD2D003F4455 /* CKiiError.h in CopyFiles */ = {isa = PBXBuildFile; fileRef = 74DF383A192DF81D005D2E23 /* CKiiError.h */; };
		744514AF196FFD2D003F4455 /* CKiiLog.h in CopyFiles */ = {isa = PBXBuildFile; fileRef = 74BAC6BF19347AC5002D9F1D /* CKiiLog.h */; };
		744514B1196FFD2D003F4455 /* CKiiObject.h in CopyFiles */ = {isa = PBXBuildFile; fileRef = 74B28BC119419FE20070034D /* CKiiObject.h */; };
		744514B2196FFD2D003F4455 /* CKiiBucket.h in CopyFiles */ = {isa = PBXBuildFile; fileRef = 74B28BC41941A01B0070034D /* CKiiBucket.h */; };
		744514B3196FFD2D003F4455 /* CKiiQuery.h in CopyFiles */ = {isa = PBXBuildFile; fileRef = 74B28BC71941A12C0070034D /* CKiiQuery.h */; };
		744514B4196FFD2D003F4455 /* CKiiClause.h in CopyFiles */ = {isa = PBXBuildFile; fileRef = 74B28BCA1946B11D0070034D /* CKiiClause.h */; };
		744514B8197005FA003F4455 /* libcurl.a in Frameworks */ = {isa = PBXBuildFile; fileRef = 744514B7197005FA003F4455 /* libcurl.a */; };
		745BEB13194AE623003A5D2D /* CKiiObjectTests.mm in Sources */ = {isa = PBXBuildFile; fileRef = 745BEB12194AE623003A5D2D /* CKiiObjectTests.mm */; };
		74B28BC219419FE20070034D /* CKiiObject.cpp in Sources */ = {isa = PBXBuildFile; fileRef = 74B28BC019419FE20070034D /* CKiiObject.cpp */; };
		74B28BC51941A01B0070034D /* CKiiBucket.cpp in Sources */ = {isa = PBXBuildFile; fileRef = 74B28BC31941A01B0070034D /* CKiiBucket.cpp */; };
		74B28BC81941A12C0070034D /* CKiiQuery.cpp in Sources */ = {isa = PBXBuildFile; fileRef = 74B28BC61941A12C0070034D /* CKiiQuery.cpp */; };
		74B28BCB1946B11D0070034D /* CKiiClause.cpp in Sources */ = {isa = PBXBuildFile; fileRef = 74B28BC91946B11D0070034D /* CKiiClause.cpp */; };
		74B28BCE194710F20070034D /* CKiiQueryTest.mm in Sources */ = {isa = PBXBuildFile; fileRef = 74B28BCD194710F20070034D /* CKiiQueryTest.mm */; };
		74B28BCF1947130D0070034D /* CKiiApp.h in CopyFiles */ = {isa = PBXBuildFile; fileRef = 74B28BA5194046DA0070034D /* CKiiApp.h */; };
		74B28BD11947130D0070034D /* CKiiLog.h in CopyFiles */ = {isa = PBXBuildFile; fileRef = 74BAC6BF19347AC5002D9F1D /* CKiiLog.h */; };
		74B28BD3194713180070034D /* CKiiObject.h in CopyFiles */ = {isa = PBXBuildFile; fileRef = 74B28BC119419FE20070034D /* CKiiObject.h */; };
		74B28BD4194713180070034D /* CKiiBucket.h in CopyFiles */ = {isa = PBXBuildFile; fileRef = 74B28BC41941A01B0070034D /* CKiiBucket.h */; };
		74B28BD5194713180070034D /* CKiiQuery.h in CopyFiles */ = {isa = PBXBuildFile; fileRef = 74B28BC71941A12C0070034D /* CKiiQuery.h */; };
		74B28BD6194713180070034D /* CKiiClause.h in CopyFiles */ = {isa = PBXBuildFile; fileRef = 74B28BCA1946B11D0070034D /* CKiiClause.h */; };
		74BAC63F1932DA9E002D9F1D /* CKiiUser.h in CopyFiles */ = {isa = PBXBuildFile; fileRef = 74DF3842192DF82D005D2E23 /* CKiiUser.h */; };
		74BAC6401932DA9E002D9F1D /* CKiiError.h in CopyFiles */ = {isa = PBXBuildFile; fileRef = 74DF383A192DF81D005D2E23 /* CKiiError.h */; };
		74BAC6A3193466F2002D9F1D /* CKiicURLBindings.cpp in Sources */ = {isa = PBXBuildFile; fileRef = 74BAC6A1193466F2002D9F1D /* CKiicURLBindings.cpp */; };
		74DF3815192DF734005D2E23 /* Foundation.framework in Frameworks */ = {isa = PBXBuildFile; fileRef = 1D30AB110D05D00D00671497 /* Foundation.framework */; };
		74DF3822192DF734005D2E23 /* XCTest.framework in Frameworks */ = {isa = PBXBuildFile; fileRef = 74177662192AFDA10000C78B /* XCTest.framework */; };
		74DF3823192DF734005D2E23 /* Foundation.framework in Frameworks */ = {isa = PBXBuildFile; fileRef = 1D30AB110D05D00D00671497 /* Foundation.framework */; };
		74DF3827192DF734005D2E23 /* libCKiiSDK.a in Frameworks */ = {isa = PBXBuildFile; fileRef = 74DF3814192DF734005D2E23 /* libCKiiSDK.a */; };
		74DF382D192DF734005D2E23 /* InfoPlist.strings in Resources */ = {isa = PBXBuildFile; fileRef = 74DF382B192DF734005D2E23 /* InfoPlist.strings */; };
		74DF382F192DF734005D2E23 /* CKiiSDKTests.mm in Sources */ = {isa = PBXBuildFile; fileRef = 74DF382E192DF734005D2E23 /* CKiiSDKTests.mm */; };
		74DF383D192DF81D005D2E23 /* CKiiError.cpp in Sources */ = {isa = PBXBuildFile; fileRef = 74DF3839192DF81D005D2E23 /* CKiiError.cpp */; };
		74DF3844192DF82D005D2E23 /* CKiiUser.cpp in Sources */ = {isa = PBXBuildFile; fileRef = 74DF3841192DF82D005D2E23 /* CKiiUser.cpp */; };
		74DF3855192E044E005D2E23 /* CKiiBaseBindings.cpp in Sources */ = {isa = PBXBuildFile; fileRef = 74DF3853192E044E005D2E23 /* CKiiBaseBindings.cpp */; };
/* End PBXBuildFile section */

/* Begin PBXContainerItemProxy section */
		74DF3825192DF734005D2E23 /* PBXContainerItemProxy */ = {
			isa = PBXContainerItemProxy;
			containerPortal = 29B97313FDCFA39411CA2CEA /* Project object */;
			proxyType = 1;
			remoteGlobalIDString = 74DF3813192DF734005D2E23;
			remoteInfo = CKiiSDK;
		};
/* End PBXContainerItemProxy section */

/* Begin PBXCopyFilesBuildPhase section */
		744514AB196FFD0B003F4455 /* CopyFiles */ = {
			isa = PBXCopyFilesBuildPhase;
			buildActionMask = 2147483647;
			dstPath = "${SRCROOT}/library";
			dstSubfolderSpec = 0;
			files = (
				744514AC196FFD2D003F4455 /* CKiiApp.h in CopyFiles */,
				744514AD196FFD2D003F4455 /* CKiiUser.h in CopyFiles */,
				744514AE196FFD2D003F4455 /* CKiiError.h in CopyFiles */,
				744514AF196FFD2D003F4455 /* CKiiLog.h in CopyFiles */,
				744514B1196FFD2D003F4455 /* CKiiObject.h in CopyFiles */,
				744514B2196FFD2D003F4455 /* CKiiBucket.h in CopyFiles */,
				744514B3196FFD2D003F4455 /* CKiiQuery.h in CopyFiles */,
				744514B4196FFD2D003F4455 /* CKiiClause.h in CopyFiles */,
			);
			runOnlyForDeploymentPostprocessing = 0;
		};
		74DF3812192DF734005D2E23 /* CopyFiles */ = {
			isa = PBXCopyFilesBuildPhase;
			buildActionMask = 2147483647;
			dstPath = "include/$(PRODUCT_NAME)";
			dstSubfolderSpec = 16;
			files = (
				74B28BD3194713180070034D /* CKiiObject.h in CopyFiles */,
				74B28BD4194713180070034D /* CKiiBucket.h in CopyFiles */,
				74B28BD5194713180070034D /* CKiiQuery.h in CopyFiles */,
				74B28BD6194713180070034D /* CKiiClause.h in CopyFiles */,
				74B28BCF1947130D0070034D /* CKiiApp.h in CopyFiles */,
				74B28BD11947130D0070034D /* CKiiLog.h in CopyFiles */,
				74BAC63F1932DA9E002D9F1D /* CKiiUser.h in CopyFiles */,
				74BAC6401932DA9E002D9F1D /* CKiiError.h in CopyFiles */,
			);
			runOnlyForDeploymentPostprocessing = 0;
		};
/* End PBXCopyFilesBuildPhase section */

/* Begin PBXFileReference section */
		1D30AB110D05D00D00671497 /* Foundation.framework */ = {isa = PBXFileReference; lastKnownFileType = wrapper.framework; name = Foundation.framework; path = System/Library/Frameworks/Foundation.framework; sourceTree = SDKROOT; };
		7417764019299BD20000C78B /* Security.framework */ = {isa = PBXFileReference; lastKnownFileType = wrapper.framework; name = Security.framework; path = Platforms/iPhoneOS.platform/Developer/SDKs/iPhoneOS7.1.sdk/System/Library/Frameworks/Security.framework; sourceTree = DEVELOPER_DIR; };
		74177662192AFDA10000C78B /* XCTest.framework */ = {isa = PBXFileReference; lastKnownFileType = wrapper.framework; name = XCTest.framework; path = Library/Frameworks/XCTest.framework; sourceTree = DEVELOPER_DIR; };
		744514B7197005FA003F4455 /* libcurl.a */ = {isa = PBXFileReference; lastKnownFileType = archive.ar; name = libcurl.a; path = CKiiSDK/CKiiBindings/curl/libcurl.a; sourceTree = SOURCE_ROOT; };
		744514B919700633003F4455 /* curl.h */ = {isa = PBXFileReference; fileEncoding = 4; lastKnownFileType = sourcecode.c.h; path = curl.h; sourceTree = "<group>"; };
		744514BA19700633003F4455 /* curlbuild.h */ = {isa = PBXFileReference; fileEncoding = 4; lastKnownFileType = sourcecode.c.h; path = curlbuild.h; sourceTree = "<group>"; };
		744514BB19700633003F4455 /* curlrules.h */ = {isa = PBXFileReference; fileEncoding = 4; lastKnownFileType = sourcecode.c.h; path = curlrules.h; sourceTree = "<group>"; };
		744514BC19700633003F4455 /* curlver.h */ = {isa = PBXFileReference; fileEncoding = 4; lastKnownFileType = sourcecode.c.h; path = curlver.h; sourceTree = "<group>"; };
		744514BD19700633003F4455 /* easy.h */ = {isa = PBXFileReference; fileEncoding = 4; lastKnownFileType = sourcecode.c.h; path = easy.h; sourceTree = "<group>"; };
		744514BE19700633003F4455 /* mprintf.h */ = {isa = PBXFileReference; fileEncoding = 4; lastKnownFileType = sourcecode.c.h; path = mprintf.h; sourceTree = "<group>"; };
		744514BF19700633003F4455 /* multi.h */ = {isa = PBXFileReference; fileEncoding = 4; lastKnownFileType = sourcecode.c.h; path = multi.h; sourceTree = "<group>"; };
		744514C019700633003F4455 /* stdcheaders.h */ = {isa = PBXFileReference; fileEncoding = 4; lastKnownFileType = sourcecode.c.h; path = stdcheaders.h; sourceTree = "<group>"; };
		744514C119700633003F4455 /* typecheck-gcc.h */ = {isa = PBXFileReference; fileEncoding = 4; lastKnownFileType = sourcecode.c.h; path = "typecheck-gcc.h"; sourceTree = "<group>"; };
		745BEB12194AE623003A5D2D /* CKiiObjectTests.mm */ = {isa = PBXFileReference; fileEncoding = 4; lastKnownFileType = sourcecode.cpp.objcpp; path = CKiiObjectTests.mm; sourceTree = "<group>"; };
		74B28BA5194046DA0070034D /* CKiiApp.h */ = {isa = PBXFileReference; fileEncoding = 4; lastKnownFileType = sourcecode.c.h; path = CKiiApp.h; sourceTree = "<group>"; };
		74B28BB8194072CE0070034D /* picojson.h */ = {isa = PBXFileReference; fileEncoding = 4; lastKnownFileType = sourcecode.c.h; path = picojson.h; sourceTree = "<group>"; };
		74B28BBF194168BF0070034D /* _CKiiGlobal.h */ = {isa = PBXFileReference; lastKnownFileType = sourcecode.c.h; path = _CKiiGlobal.h; sourceTree = "<group>"; };
		74B28BC019419FE20070034D /* CKiiObject.cpp */ = {isa = PBXFileReference; fileEncoding = 4; lastKnownFileType = sourcecode.cpp.cpp; path = CKiiObject.cpp; sourceTree = "<group>"; };
		74B28BC119419FE20070034D /* CKiiObject.h */ = {isa = PBXFileReference; fileEncoding = 4; lastKnownFileType = sourcecode.c.h; path = CKiiObject.h; sourceTree = "<group>"; };
		74B28BC31941A01B0070034D /* CKiiBucket.cpp */ = {isa = PBXFileReference; fileEncoding = 4; lastKnownFileType = sourcecode.cpp.cpp; path = CKiiBucket.cpp; sourceTree = "<group>"; };
		74B28BC41941A01B0070034D /* CKiiBucket.h */ = {isa = PBXFileReference; fileEncoding = 4; lastKnownFileType = sourcecode.c.h; path = CKiiBucket.h; sourceTree = "<group>"; };
		74B28BC61941A12C0070034D /* CKiiQuery.cpp */ = {isa = PBXFileReference; fileEncoding = 4; lastKnownFileType = sourcecode.cpp.cpp; path = CKiiQuery.cpp; sourceTree = "<group>"; };
		74B28BC71941A12C0070034D /* CKiiQuery.h */ = {isa = PBXFileReference; fileEncoding = 4; lastKnownFileType = sourcecode.c.h; path = CKiiQuery.h; sourceTree = "<group>"; };
		74B28BC91946B11D0070034D /* CKiiClause.cpp */ = {isa = PBXFileReference; fileEncoding = 4; lastKnownFileType = sourcecode.cpp.cpp; path = CKiiClause.cpp; sourceTree = "<group>"; };
		74B28BCA1946B11D0070034D /* CKiiClause.h */ = {isa = PBXFileReference; fileEncoding = 4; lastKnownFileType = sourcecode.c.h; path = CKiiClause.h; sourceTree = "<group>"; };
		74B28BCC19470E430070034D /* CKiiSDKTestGlobal.h */ = {isa = PBXFileReference; fileEncoding = 4; lastKnownFileType = sourcecode.c.h; path = CKiiSDKTestGlobal.h; sourceTree = "<group>"; };
		74B28BCD194710F20070034D /* CKiiQueryTest.mm */ = {isa = PBXFileReference; fileEncoding = 4; lastKnownFileType = sourcecode.cpp.objcpp; path = CKiiQueryTest.mm; sourceTree = "<group>"; };
		74BAC6A1193466F2002D9F1D /* CKiicURLBindings.cpp */ = {isa = PBXFileReference; fileEncoding = 4; lastKnownFileType = sourcecode.cpp.cpp; path = CKiicURLBindings.cpp; sourceTree = "<group>"; };
		74BAC6A2193466F2002D9F1D /* CKiicURLBindings.h */ = {isa = PBXFileReference; fileEncoding = 4; lastKnownFileType = sourcecode.c.h; path = CKiicURLBindings.h; sourceTree = "<group>"; };
		74BAC6BF19347AC5002D9F1D /* CKiiLog.h */ = {isa = PBXFileReference; fileEncoding = 4; lastKnownFileType = sourcecode.c.h; path = CKiiLog.h; sourceTree = "<group>"; };
		74DF37FA192CB72D005D2E23 /* libz.dylib */ = {isa = PBXFileReference; lastKnownFileType = "compiled.mach-o.dylib"; name = libz.dylib; path = Platforms/iPhoneOS.platform/Developer/SDKs/iPhoneOS7.1.sdk/usr/lib/libz.dylib; sourceTree = DEVELOPER_DIR; };
		74DF3814192DF734005D2E23 /* libCKiiSDK.a */ = {isa = PBXFileReference; explicitFileType = archive.ar; includeInIndex = 0; path = libCKiiSDK.a; sourceTree = BUILT_PRODUCTS_DIR; };
		74DF3818192DF734005D2E23 /* CKiiSDK-Prefix.pch */ = {isa = PBXFileReference; lastKnownFileType = sourcecode.c.h; path = "CKiiSDK-Prefix.pch"; sourceTree = "<group>"; };
		74DF3821192DF734005D2E23 /* CKiiSDKTests.xctest */ = {isa = PBXFileReference; explicitFileType = wrapper.cfbundle; includeInIndex = 0; path = CKiiSDKTests.xctest; sourceTree = BUILT_PRODUCTS_DIR; };
		74DF382A192DF734005D2E23 /* CKiiSDKTests-Info.plist */ = {isa = PBXFileReference; lastKnownFileType = text.plist.xml; path = "CKiiSDKTests-Info.plist"; sourceTree = "<group>"; };
		74DF382C192DF734005D2E23 /* en */ = {isa = PBXFileReference; lastKnownFileType = text.plist.strings; name = en; path = en.lproj/InfoPlist.strings; sourceTree = "<group>"; };
		74DF382E192DF734005D2E23 /* CKiiSDKTests.mm */ = {isa = PBXFileReference; lastKnownFileType = sourcecode.cpp.objcpp; path = CKiiSDKTests.mm; sourceTree = "<group>"; };
		74DF3839192DF81D005D2E23 /* CKiiError.cpp */ = {isa = PBXFileReference; fileEncoding = 4; lastKnownFileType = sourcecode.cpp.cpp; path = CKiiError.cpp; sourceTree = "<group>"; };
		74DF383A192DF81D005D2E23 /* CKiiError.h */ = {isa = PBXFileReference; fileEncoding = 4; lastKnownFileType = sourcecode.c.h; path = CKiiError.h; sourceTree = "<group>"; };
		74DF3841192DF82D005D2E23 /* CKiiUser.cpp */ = {isa = PBXFileReference; fileEncoding = 4; lastKnownFileType = sourcecode.cpp.cpp; path = CKiiUser.cpp; sourceTree = "<group>"; };
		74DF3842192DF82D005D2E23 /* CKiiUser.h */ = {isa = PBXFileReference; fileEncoding = 4; lastKnownFileType = sourcecode.c.h; path = CKiiUser.h; sourceTree = "<group>"; };
		74DF3853192E044E005D2E23 /* CKiiBaseBindings.cpp */ = {isa = PBXFileReference; fileEncoding = 4; lastKnownFileType = sourcecode.cpp.cpp; path = CKiiBaseBindings.cpp; sourceTree = "<group>"; };
		74DF3854192E044E005D2E23 /* CKiiBaseBindings.h */ = {isa = PBXFileReference; fileEncoding = 4; lastKnownFileType = sourcecode.c.h; path = CKiiBaseBindings.h; sourceTree = "<group>"; };
/* End PBXFileReference section */

/* Begin PBXFrameworksBuildPhase section */
		74DF3811192DF734005D2E23 /* Frameworks */ = {
			isa = PBXFrameworksBuildPhase;
			buildActionMask = 2147483647;
			files = (
				74DF3815192DF734005D2E23 /* Foundation.framework in Frameworks */,
				744514B8197005FA003F4455 /* libcurl.a in Frameworks */,
			);
			runOnlyForDeploymentPostprocessing = 0;
		};
		74DF381E192DF734005D2E23 /* Frameworks */ = {
			isa = PBXFrameworksBuildPhase;
			buildActionMask = 2147483647;
			files = (
				741D1BA51962D11300CAC78F /* libz.dylib in Frameworks */,
				741D1BA41962D0E800CAC78F /* Security.framework in Frameworks */,
				74DF3827192DF734005D2E23 /* libCKiiSDK.a in Frameworks */,
				74DF3822192DF734005D2E23 /* XCTest.framework in Frameworks */,
				74DF3823192DF734005D2E23 /* Foundation.framework in Frameworks */,
			);
			runOnlyForDeploymentPostprocessing = 0;
		};
/* End PBXFrameworksBuildPhase section */

/* Begin PBXGroup section */
		19C28FACFE9D520D11CA2CBB /* Products */ = {
			isa = PBXGroup;
			children = (
				74DF3814192DF734005D2E23 /* libCKiiSDK.a */,
				74DF3821192DF734005D2E23 /* CKiiSDKTests.xctest */,
			);
			name = Products;
			sourceTree = "<group>";
		};
		29B97314FDCFA39411CA2CEA /* CustomTemplate */ = {
			isa = PBXGroup;
			children = (
				74B28BB7194072CE0070034D /* ExtLibs */,
				74DF3816192DF734005D2E23 /* CKiiSDK */,
				74DF3828192DF734005D2E23 /* CKiiSDKTests */,
				29B97323FDCFA39411CA2CEA /* Frameworks */,
				19C28FACFE9D520D11CA2CBB /* Products */,
			);
			name = CustomTemplate;
			sourceTree = "<group>";
		};
		29B97323FDCFA39411CA2CEA /* Frameworks */ = {
			isa = PBXGroup;
			children = (
				74DF37FA192CB72D005D2E23 /* libz.dylib */,
				7417764019299BD20000C78B /* Security.framework */,
				1D30AB110D05D00D00671497 /* Foundation.framework */,
				74177662192AFDA10000C78B /* XCTest.framework */,
			);
			name = Frameworks;
			sourceTree = "<group>";
		};
		74B28BB7194072CE0070034D /* ExtLibs */ = {
			isa = PBXGroup;
			children = (
				74B28BB8194072CE0070034D /* picojson.h */,
			);
			path = ExtLibs;
			sourceTree = "<group>";
		};
		74BAC6AA19346B16002D9F1D /* curl */ = {
			isa = PBXGroup;
			children = (
				744514B919700633003F4455 /* curl.h */,
				744514BA19700633003F4455 /* curlbuild.h */,
				744514BB19700633003F4455 /* curlrules.h */,
				744514BC19700633003F4455 /* curlver.h */,
				744514BD19700633003F4455 /* easy.h */,
				744514BE19700633003F4455 /* mprintf.h */,
				744514BF19700633003F4455 /* multi.h */,
				744514C019700633003F4455 /* stdcheaders.h */,
				744514C119700633003F4455 /* typecheck-gcc.h */,
				744514B7197005FA003F4455 /* libcurl.a */,
			);
			path = curl;
			sourceTree = "<group>";
		};
		74DF3816192DF734005D2E23 /* CKiiSDK */ = {
			isa = PBXGroup;
			children = (
				74DF3852192E041E005D2E23 /* CKiiBindings */,
				74B28BA5194046DA0070034D /* CKiiApp.h */,
				74DF3841192DF82D005D2E23 /* CKiiUser.cpp */,
				74DF3842192DF82D005D2E23 /* CKiiUser.h */,
				74DF3839192DF81D005D2E23 /* CKiiError.cpp */,
				74DF383A192DF81D005D2E23 /* CKiiError.h */,
				74DF3817192DF734005D2E23 /* Supporting Files */,
				74BAC6BF19347AC5002D9F1D /* CKiiLog.h */,
				74B28BBF194168BF0070034D /* _CKiiGlobal.h */,
				74B28BC119419FE20070034D /* CKiiObject.h */,
				74B28BC019419FE20070034D /* CKiiObject.cpp */,
				74B28BC41941A01B0070034D /* CKiiBucket.h */,
				74B28BC31941A01B0070034D /* CKiiBucket.cpp */,
				74B28BC61941A12C0070034D /* CKiiQuery.cpp */,
				74B28BC71941A12C0070034D /* CKiiQuery.h */,
				74B28BC91946B11D0070034D /* CKiiClause.cpp */,
				74B28BCA1946B11D0070034D /* CKiiClause.h */,
			);
			path = CKiiSDK;
			sourceTree = "<group>";
		};
		74DF3817192DF734005D2E23 /* Supporting Files */ = {
			isa = PBXGroup;
			children = (
				74DF3818192DF734005D2E23 /* CKiiSDK-Prefix.pch */,
			);
			name = "Supporting Files";
			sourceTree = "<group>";
		};
		74DF3828192DF734005D2E23 /* CKiiSDKTests */ = {
			isa = PBXGroup;
			children = (
				74DF382E192DF734005D2E23 /* CKiiSDKTests.mm */,
				74B28BCD194710F20070034D /* CKiiQueryTest.mm */,
				74DF3829192DF734005D2E23 /* Supporting Files */,
				74B28BCC19470E430070034D /* CKiiSDKTestGlobal.h */,
				745BEB12194AE623003A5D2D /* CKiiObjectTests.mm */,
			);
			path = CKiiSDKTests;
			sourceTree = "<group>";
		};
		74DF3829192DF734005D2E23 /* Supporting Files */ = {
			isa = PBXGroup;
			children = (
				74DF382A192DF734005D2E23 /* CKiiSDKTests-Info.plist */,
				74DF382B192DF734005D2E23 /* InfoPlist.strings */,
			);
			name = "Supporting Files";
			sourceTree = "<group>";
		};
		74DF3852192E041E005D2E23 /* CKiiBindings */ = {
			isa = PBXGroup;
			children = (
				74BAC6AA19346B16002D9F1D /* curl */,
				74DF3853192E044E005D2E23 /* CKiiBaseBindings.cpp */,
				74DF3854192E044E005D2E23 /* CKiiBaseBindings.h */,
				74BAC6A1193466F2002D9F1D /* CKiicURLBindings.cpp */,
				74BAC6A2193466F2002D9F1D /* CKiicURLBindings.h */,
			);
			path = CKiiBindings;
			sourceTree = "<group>";
		};
/* End PBXGroup section */

/* Begin PBXNativeTarget section */
		74DF3813192DF734005D2E23 /* CKiiSDK */ = {
			isa = PBXNativeTarget;
			buildConfigurationList = 74DF3830192DF735005D2E23 /* Build configuration list for PBXNativeTarget "CKiiSDK" */;
			buildPhases = (
				74DF3810192DF734005D2E23 /* Sources */,
				74DF3811192DF734005D2E23 /* Frameworks */,
				74DF3812192DF734005D2E23 /* CopyFiles */,
			);
			buildRules = (
			);
			dependencies = (
			);
			name = CKiiSDK;
			productName = CKiiSDK;
			productReference = 74DF3814192DF734005D2E23 /* libCKiiSDK.a */;
			productType = "com.apple.product-type.library.static";
		};
		74DF3820192DF734005D2E23 /* CKiiSDKTests */ = {
			isa = PBXNativeTarget;
			buildConfigurationList = 74DF3833192DF735005D2E23 /* Build configuration list for PBXNativeTarget "CKiiSDKTests" */;
			buildPhases = (
				74DF381D192DF734005D2E23 /* Sources */,
				74DF381E192DF734005D2E23 /* Frameworks */,
				74DF381F192DF734005D2E23 /* Resources */,
			);
			buildRules = (
			);
			dependencies = (
				74DF3826192DF734005D2E23 /* PBXTargetDependency */,
			);
			name = CKiiSDKTests;
			productName = CKiiSDKTests;
			productReference = 74DF3821192DF734005D2E23 /* CKiiSDKTests.xctest */;
			productType = "com.apple.product-type.bundle.unit-test";
		};
/* End PBXNativeTarget section */

/* Begin PBXProject section */
		29B97313FDCFA39411CA2CEA /* Project object */ = {
			isa = PBXProject;
			attributes = {
				LastUpgradeCheck = 0500;
				TargetAttributes = {
					74DF3820192DF734005D2E23 = {
						TestTargetID = 74DF3813192DF734005D2E23;
					};
				};
			};
			buildConfigurationList = C01FCF4E08A954540054247B /* Build configuration list for PBXProject "KiiCpp" */;
			compatibilityVersion = "Xcode 3.2";
			developmentRegion = English;
			hasScannedForEncodings = 1;
			knownRegions = (
				English,
				Japanese,
				French,
				German,
				en,
			);
			mainGroup = 29B97314FDCFA39411CA2CEA /* CustomTemplate */;
			projectDirPath = "";
			projectRoot = "";
			targets = (
				74DF3813192DF734005D2E23 /* CKiiSDK */,
				74DF3820192DF734005D2E23 /* CKiiSDKTests */,
				744514A6196FFBF9003F4455 /* CKiiSDKStaticLibAgg */,
			);
		};
/* End PBXProject section */

/* Begin PBXResourcesBuildPhase section */
		74DF381F192DF734005D2E23 /* Resources */ = {
			isa = PBXResourcesBuildPhase;
			buildActionMask = 2147483647;
			files = (
				74DF382D192DF734005D2E23 /* InfoPlist.strings in Resources */,
			);
			runOnlyForDeploymentPostprocessing = 0;
		};
/* End PBXResourcesBuildPhase section */

/* Begin PBXShellScriptBuildPhase section */
		744514AA196FFD01003F4455 /* ShellScript */ = {
			isa = PBXShellScriptBuildPhase;
			buildActionMask = 2147483647;
			files = (
			);
			inputPaths = (
			);
			outputPaths = (
			);
			runOnlyForDeploymentPostprocessing = 0;
			shellPath = /bin/sh;
			shellScript = "xcodebuild_hoge() {\n    xcodebuild \\\n    -target \"CKiiSDK\" \\\n    -project ${PROJECT_NAME}.xcodeproj \\\n    -configuration ${CONFIGURATION} \\\n    -sdk $1 clean build\n}\n\nBUILD_DIR=\"${SRCROOT}/build\"\nLIB_DIR=\"${SRCROOT}/library\"\nLIB_NAME=\"libCKiiSDK.a\"\n\nIOS_LIB=\"${BUILD_DIR}/${CONFIGURATION}-iphoneos/${LIB_NAME}\"\nSIM_LIB=\"${BUILD_DIR}/${CONFIGURATION}-iphonesimulator/${LIB_NAME}\"\nDEST_LIB=\"${LIB_DIR}/${LIB_NAME}\"\n\n\n# remove dir\nrm -rf \"${BUILD_DIR}\"\nrm -rf \"${LIB_DIR}\"\n\n# 1. xcodebuild\nxcodebuild_hoge iphoneos\nxcodebuild_hoge iphonesimulator\n\n# mkdir\nmkdir -p \"${LIB_DIR}\"\n\n# 2. lipo\nlipo \"${IOS_LIB}\" \"${SIM_LIB}\" -create -output \"${DEST_LIB}\"";
		};
/* End PBXShellScriptBuildPhase section */

/* Begin PBXSourcesBuildPhase section */
		74DF3810192DF734005D2E23 /* Sources */ = {
			isa = PBXSourcesBuildPhase;
			buildActionMask = 2147483647;
			files = (
				74B28BC51941A01B0070034D /* CKiiBucket.cpp in Sources */,
				74DF383D192DF81D005D2E23 /* CKiiError.cpp in Sources */,
				74DF3844192DF82D005D2E23 /* CKiiUser.cpp in Sources */,
				74B28BC81941A12C0070034D /* CKiiQuery.cpp in Sources */,
				74BAC6A3193466F2002D9F1D /* CKiicURLBindings.cpp in Sources */,
				74B28BCB1946B11D0070034D /* CKiiClause.cpp in Sources */,
				74DF3855192E044E005D2E23 /* CKiiBaseBindings.cpp in Sources */,
				74B28BC219419FE20070034D /* CKiiObject.cpp in Sources */,
			);
			runOnlyForDeploymentPostprocessing = 0;
		};
		74DF381D192DF734005D2E23 /* Sources */ = {
			isa = PBXSourcesBuildPhase;
			buildActionMask = 2147483647;
			files = (
				74B28BCE194710F20070034D /* CKiiQueryTest.mm in Sources */,
				745BEB13194AE623003A5D2D /* CKiiObjectTests.mm in Sources */,
				74DF382F192DF734005D2E23 /* CKiiSDKTests.mm in Sources */,
			);
			runOnlyForDeploymentPostprocessing = 0;
		};
/* End PBXSourcesBuildPhase section */

/* Begin PBXTargetDependency section */
		74DF3826192DF734005D2E23 /* PBXTargetDependency */ = {
			isa = PBXTargetDependency;
			target = 74DF3813192DF734005D2E23 /* CKiiSDK */;
			targetProxy = 74DF3825192DF734005D2E23 /* PBXContainerItemProxy */;
		};
/* End PBXTargetDependency section */

/* Begin PBXVariantGroup section */
		74DF382B192DF734005D2E23 /* InfoPlist.strings */ = {
			isa = PBXVariantGroup;
			children = (
				74DF382C192DF734005D2E23 /* en */,
			);
			name = InfoPlist.strings;
			sourceTree = "<group>";
		};
/* End PBXVariantGroup section */

/* Begin XCBuildConfiguration section */
		744514A8196FFBF9003F4455 /* Debug */ = {
			isa = XCBuildConfiguration;
			buildSettings = {
				ARCHS = "$(ARCHS_STANDARD)";
				IPHONEOS_DEPLOYMENT_TARGET = 7.0;
				ONLY_ACTIVE_ARCH = NO;
				PRODUCT_NAME = "$(TARGET_NAME)";
				SDKROOT = iphoneos7.1;
				SUPPORTED_PLATFORMS = "iphonesimulator iphoneos";
				VALID_ARCHS = "armv7 armv7s i386 x86_64";
			};
			name = Debug;
		};
		744514A9196FFBF9003F4455 /* Release */ = {
			isa = XCBuildConfiguration;
			buildSettings = {
				ARCHS = "$(ARCHS_STANDARD)";
				IPHONEOS_DEPLOYMENT_TARGET = 7.0;
				PRODUCT_NAME = "$(TARGET_NAME)";
				SDKROOT = iphoneos7.1;
				SUPPORTED_PLATFORMS = "iphonesimulator iphoneos";
				VALID_ARCHS = "armv7 armv7s i386 x86_64";
			};
			name = Release;
		};
		74DF3831192DF735005D2E23 /* Debug */ = {
			isa = XCBuildConfiguration;
			buildSettings = {
				ALWAYS_SEARCH_USER_PATHS = YES;
				CLANG_CXX_LANGUAGE_STANDARD = "gnu++0x";
				CLANG_ENABLE_MODULES = YES;
				CLANG_ENABLE_OBJC_ARC = YES;
				CLANG_WARN_BOOL_CONVERSION = YES;
				CLANG_WARN_CONSTANT_CONVERSION = YES;
				CLANG_WARN_DIRECT_OBJC_ISA_USAGE = YES_ERROR;
				CLANG_WARN_EMPTY_BODY = YES;
				CLANG_WARN_ENUM_CONVERSION = YES;
				CLANG_WARN_INT_CONVERSION = YES;
				CLANG_WARN_OBJC_ROOT_CLASS = YES_ERROR;
				CLANG_WARN__DUPLICATE_METHOD_MATCH = YES;
				DSTROOT = /tmp/CKiiSDK.dst;
				FRAMEWORK_SEARCH_PATHS = (
					"$(inherited)",
					"$(PROJECT_DIR)",
				);
				GCC_C_LANGUAGE_STANDARD = gnu99;
				GCC_DYNAMIC_NO_PIC = NO;
				GCC_PRECOMPILE_PREFIX_HEADER = YES;
				GCC_PREFIX_HEADER = "CKiiSDK/CKiiSDK-Prefix.pch";
				GCC_PREPROCESSOR_DEFINITIONS = (
					"DEBUG=1",
					"$(inherited)",
				);
				GCC_SYMBOLS_PRIVATE_EXTERN = NO;
				GCC_WARN_64_TO_32_BIT_CONVERSION = YES;
				GCC_WARN_ABOUT_RETURN_TYPE = YES_ERROR;
				GCC_WARN_UNDECLARED_SELECTOR = YES;
				GCC_WARN_UNINITIALIZED_AUTOS = YES_AGGRESSIVE;
				GCC_WARN_UNUSED_FUNCTION = YES;
				HEADER_SEARCH_PATHS = "$(SRCROOT)/CKIiSDK/CKiiBindings/curl/**";
				IPHONEOS_DEPLOYMENT_TARGET = 7.1;
				LIBRARY_SEARCH_PATHS = (
					"$(inherited)",
					"$(PROJECT_DIR)/CKiiSDK/CKiiBindings/curl/lib",
					"$(PROJECT_DIR)/CKiiSDK/CKiiBindings/curl",
				);
				OTHER_LDFLAGS = "-ObjC";
				PRODUCT_NAME = "$(TARGET_NAME)";
				SDKROOT = iphoneos;
				SKIP_INSTALL = YES;
			};
			name = Debug;
		};
		74DF3832192DF735005D2E23 /* Release */ = {
			isa = XCBuildConfiguration;
			buildSettings = {
				ALWAYS_SEARCH_USER_PATHS = YES;
				CLANG_CXX_LANGUAGE_STANDARD = "gnu++0x";
				CLANG_ENABLE_MODULES = YES;
				CLANG_ENABLE_OBJC_ARC = YES;
				CLANG_WARN_BOOL_CONVERSION = YES;
				CLANG_WARN_CONSTANT_CONVERSION = YES;
				CLANG_WARN_DIRECT_OBJC_ISA_USAGE = YES_ERROR;
				CLANG_WARN_EMPTY_BODY = YES;
				CLANG_WARN_ENUM_CONVERSION = YES;
				CLANG_WARN_INT_CONVERSION = YES;
				CLANG_WARN_OBJC_ROOT_CLASS = YES_ERROR;
				CLANG_WARN__DUPLICATE_METHOD_MATCH = YES;
				COPY_PHASE_STRIP = YES;
				DSTROOT = /tmp/CKiiSDK.dst;
				ENABLE_NS_ASSERTIONS = NO;
				FRAMEWORK_SEARCH_PATHS = (
					"$(inherited)",
					"$(PROJECT_DIR)",
				);
				GCC_C_LANGUAGE_STANDARD = gnu99;
				GCC_PRECOMPILE_PREFIX_HEADER = YES;
				GCC_PREFIX_HEADER = "CKiiSDK/CKiiSDK-Prefix.pch";
				GCC_WARN_64_TO_32_BIT_CONVERSION = YES;
				GCC_WARN_ABOUT_RETURN_TYPE = YES_ERROR;
				GCC_WARN_UNDECLARED_SELECTOR = YES;
				GCC_WARN_UNINITIALIZED_AUTOS = YES_AGGRESSIVE;
				GCC_WARN_UNUSED_FUNCTION = YES;
				HEADER_SEARCH_PATHS = "$(SRCROOT)/CKIiSDK/CKiiBindings/curl/**";
				IPHONEOS_DEPLOYMENT_TARGET = 7.1;
				LIBRARY_SEARCH_PATHS = (
					"$(inherited)",
					"$(PROJECT_DIR)/CKiiSDK/CKiiBindings/curl/lib",
					"$(PROJECT_DIR)/CKiiSDK/CKiiBindings/curl",
				);
				OTHER_LDFLAGS = "-ObjC";
				PRODUCT_NAME = "$(TARGET_NAME)";
				SDKROOT = iphoneos;
				SKIP_INSTALL = YES;
			};
			name = Release;
		};
		74DF3834192DF735005D2E23 /* Debug */ = {
			isa = XCBuildConfiguration;
			buildSettings = {
				ALWAYS_SEARCH_USER_PATHS = NO;
				CLANG_CXX_LANGUAGE_STANDARD = "gnu++0x";
				CLANG_ENABLE_MODULES = YES;
				CLANG_ENABLE_OBJC_ARC = YES;
				CLANG_WARN_BOOL_CONVERSION = YES;
				CLANG_WARN_CONSTANT_CONVERSION = YES;
				CLANG_WARN_DIRECT_OBJC_ISA_USAGE = YES_ERROR;
				CLANG_WARN_EMPTY_BODY = YES;
				CLANG_WARN_ENUM_CONVERSION = YES;
				CLANG_WARN_INT_CONVERSION = YES;
				CLANG_WARN_OBJC_ROOT_CLASS = YES_ERROR;
				CLANG_WARN__DUPLICATE_METHOD_MATCH = YES;
				FRAMEWORK_SEARCH_PATHS = (
					"$(SDKROOT)/Developer/Library/Frameworks",
					"$(inherited)",
					"$(DEVELOPER_FRAMEWORKS_DIR)",
					"$(PROJECT_DIR)",
				);
				GCC_C_LANGUAGE_STANDARD = gnu99;
				GCC_DYNAMIC_NO_PIC = NO;
				GCC_PRECOMPILE_PREFIX_HEADER = YES;
				GCC_PREFIX_HEADER = "CKiiSDK/CKiiSDK-Prefix.pch";
				GCC_PREPROCESSOR_DEFINITIONS = (
					"DEBUG=1",
					"$(inherited)",
				);
				GCC_SYMBOLS_PRIVATE_EXTERN = NO;
				GCC_WARN_64_TO_32_BIT_CONVERSION = YES;
				GCC_WARN_ABOUT_RETURN_TYPE = YES_ERROR;
				GCC_WARN_UNDECLARED_SELECTOR = YES;
				GCC_WARN_UNINITIALIZED_AUTOS = YES_AGGRESSIVE;
				GCC_WARN_UNUSED_FUNCTION = YES;
				INFOPLIST_FILE = "CKiiSDKTests/CKiiSDKTests-Info.plist";
				IPHONEOS_DEPLOYMENT_TARGET = 7.1;
				LIBRARY_SEARCH_PATHS = (
					"$(inherited)",
					"$(PROJECT_DIR)/CKiiSDK/CKiiBindings/curl/lib",
				);
				PRODUCT_NAME = "$(TARGET_NAME)";
				SDKROOT = iphoneos;
				WRAPPER_EXTENSION = xctest;
			};
			name = Debug;
		};
		74DF3835192DF735005D2E23 /* Release */ = {
			isa = XCBuildConfiguration;
			buildSettings = {
				ALWAYS_SEARCH_USER_PATHS = NO;
				CLANG_CXX_LANGUAGE_STANDARD = "gnu++0x";
				CLANG_ENABLE_MODULES = YES;
				CLANG_ENABLE_OBJC_ARC = YES;
				CLANG_WARN_BOOL_CONVERSION = YES;
				CLANG_WARN_CONSTANT_CONVERSION = YES;
				CLANG_WARN_DIRECT_OBJC_ISA_USAGE = YES_ERROR;
				CLANG_WARN_EMPTY_BODY = YES;
				CLANG_WARN_ENUM_CONVERSION = YES;
				CLANG_WARN_INT_CONVERSION = YES;
				CLANG_WARN_OBJC_ROOT_CLASS = YES_ERROR;
				CLANG_WARN__DUPLICATE_METHOD_MATCH = YES;
				COPY_PHASE_STRIP = YES;
				ENABLE_NS_ASSERTIONS = NO;
				FRAMEWORK_SEARCH_PATHS = (
					"$(SDKROOT)/Developer/Library/Frameworks",
					"$(inherited)",
					"$(DEVELOPER_FRAMEWORKS_DIR)",
					"$(PROJECT_DIR)",
				);
				GCC_C_LANGUAGE_STANDARD = gnu99;
				GCC_PRECOMPILE_PREFIX_HEADER = YES;
				GCC_PREFIX_HEADER = "CKiiSDK/CKiiSDK-Prefix.pch";
				GCC_WARN_64_TO_32_BIT_CONVERSION = YES;
				GCC_WARN_ABOUT_RETURN_TYPE = YES_ERROR;
				GCC_WARN_UNDECLARED_SELECTOR = YES;
				GCC_WARN_UNINITIALIZED_AUTOS = YES_AGGRESSIVE;
				GCC_WARN_UNUSED_FUNCTION = YES;
				INFOPLIST_FILE = "CKiiSDKTests/CKiiSDKTests-Info.plist";
				IPHONEOS_DEPLOYMENT_TARGET = 7.1;
				LIBRARY_SEARCH_PATHS = (
					"$(inherited)",
					"$(PROJECT_DIR)/CKiiSDK/CKiiBindings/curl/lib",
				);
				PRODUCT_NAME = "$(TARGET_NAME)";
				SDKROOT = iphoneos;
				WRAPPER_EXTENSION = xctest;
			};
			name = Release;
		};
		C01FCF4F08A954540054247B /* Debug */ = {
			isa = XCBuildConfiguration;
			buildSettings = {
				CLANG_CXX_LANGUAGE_STANDARD = "c++0x";
				CLANG_CXX_LIBRARY = "libc++";
				COPY_PHASE_STRIP = NO;
				GCC_OPTIMIZATION_LEVEL = 0;
				GCC_WARN_ABOUT_RETURN_TYPE = YES;
				GCC_WARN_UNUSED_VARIABLE = YES;
				HEADER_SEARCH_PATHS = "";
				ONLY_ACTIVE_ARCH = YES;
				PRODUCT_NAME = "$(TARGET_NAME)";
				SDKROOT = macosx;
				USER_HEADER_SEARCH_PATHS = ExtLibs;
			};
			name = Debug;
		};
		C01FCF5008A954540054247B /* Release */ = {
			isa = XCBuildConfiguration;
			buildSettings = {
				CLANG_CXX_LANGUAGE_STANDARD = "c++0x";
				CLANG_CXX_LIBRARY = "libc++";
				GCC_WARN_ABOUT_RETURN_TYPE = YES;
				GCC_WARN_UNUSED_VARIABLE = YES;
				HEADER_SEARCH_PATHS = "";
				OTHER_CFLAGS = "-DNS_BLOCK_ASSERTIONS=1";
				PRODUCT_NAME = "$(TARGET_NAME)";
				SDKROOT = macosx;
				USER_HEADER_SEARCH_PATHS = ExtLibs;
				VALIDATE_PRODUCT = YES;
			};
			name = Release;
		};
/* End XCBuildConfiguration section */

/* Begin XCConfigurationList section */
		744514A7196FFBF9003F4455 /* Build configuration list for PBXAggregateTarget "CKiiSDKStaticLibAgg" */ = {
			isa = XCConfigurationList;
			buildConfigurations = (
				744514A8196FFBF9003F4455 /* Debug */,
				744514A9196FFBF9003F4455 /* Release */,
			);
			defaultConfigurationIsVisible = 0;
		};
		74DF3830192DF735005D2E23 /* Build configuration list for PBXNativeTarget "CKiiSDK" */ = {
			isa = XCConfigurationList;
			buildConfigurations = (
				74DF3831192DF735005D2E23 /* Debug */,
				74DF3832192DF735005D2E23 /* Release */,
			);
			defaultConfigurationIsVisible = 0;
			defaultConfigurationName = Debug;
		};
		74DF3833192DF735005D2E23 /* Build configuration list for PBXNativeTarget "CKiiSDKTests" */ = {
			isa = XCConfigurationList;
			buildConfigurations = (
				74DF3834192DF735005D2E23 /* Debug */,
				74DF3835192DF735005D2E23 /* Release */,
			);
			defaultConfigurationIsVisible = 0;
			defaultConfigurationName = Debug;
		};
		C01FCF4E08A954540054247B /* Build configuration list for PBXProject "KiiCpp" */ = {
			isa = XCConfigurationList;
			buildConfigurations = (
				C01FCF4F08A954540054247B /* Debug */,
				C01FCF5008A954540054247B /* Release */,
			);
			defaultConfigurationIsVisible = 0;
			defaultConfigurationName = Debug;
		};
/* End XCConfigurationList section */
	};
	rootObject = 29B97313FDCFA39411CA2CEA /* Project object */;
}
